// !$*UTF8*$!
{
	archiveVersion = 1;
	classes = {
	};
	objectVersion = 56;
	objects = {

/* Begin PBXBuildFile section */
		2094BB992AACA0AF00EA51C3 /* AppDelegate.swift in Sources */ = {isa = PBXBuildFile; fileRef = 2094BB982AACA0AF00EA51C3 /* AppDelegate.swift */; };
		2094BB9B2AACA0AF00EA51C3 /* SceneDelegate.swift in Sources */ = {isa = PBXBuildFile; fileRef = 2094BB9A2AACA0AF00EA51C3 /* SceneDelegate.swift */; };
		2094BB9D2AACA0AF00EA51C3 /* ViewController.swift in Sources */ = {isa = PBXBuildFile; fileRef = 2094BB9C2AACA0AF00EA51C3 /* ViewController.swift */; };
		2094BBA02AACA0AF00EA51C3 /* Main.storyboard in Resources */ = {isa = PBXBuildFile; fileRef = 2094BB9E2AACA0AF00EA51C3 /* Main.storyboard */; };
		2094BBA22AACA0B000EA51C3 /* Assets.xcassets in Resources */ = {isa = PBXBuildFile; fileRef = 2094BBA12AACA0B000EA51C3 /* Assets.xcassets */; };
		2094BBA52AACA0B000EA51C3 /* LaunchScreen.storyboard in Resources */ = {isa = PBXBuildFile; fileRef = 2094BBA32AACA0B000EA51C3 /* LaunchScreen.storyboard */; };
		2094BBAF2AACA38D00EA51C3 /* SDWebImage in Frameworks */ = {isa = PBXBuildFile; productRef = 2094BBAE2AACA38D00EA51C3 /* SDWebImage */; };
		2094BBB22AACA72600EA51C3 /* SwiftUIPreviewViewController.swift in Sources */ = {isa = PBXBuildFile; fileRef = 2094BBB12AACA72600EA51C3 /* SwiftUIPreviewViewController.swift */; };
		2094BBB42AACA7C500EA51C3 /* SwiftUIPreviewView.swift in Sources */ = {isa = PBXBuildFile; fileRef = 2094BBB32AACA7C500EA51C3 /* SwiftUIPreviewView.swift */; };
		2094BBB62AACA84100EA51C3 /* DemoPreviews.swift in Sources */ = {isa = PBXBuildFile; fileRef = 2094BBB52AACA84100EA51C3 /* DemoPreviews.swift */; };
		2094BBBD2AACD89900EA51C3 /* ViewCell+Extension.swift in Sources */ = {isa = PBXBuildFile; fileRef = 2094BBBC2AACD89900EA51C3 /* ViewCell+Extension.swift */; };
		2094BBBF2AACD8C200EA51C3 /* UICollectionView+Extension.swift in Sources */ = {isa = PBXBuildFile; fileRef = 2094BBBE2AACD8C200EA51C3 /* UICollectionView+Extension.swift */; };
		2094BBC12AACD8E900EA51C3 /* CGFloat+Spacing.swift in Sources */ = {isa = PBXBuildFile; fileRef = 2094BBC02AACD8E900EA51C3 /* CGFloat+Spacing.swift */; };
		2094BBC32AACD97B00EA51C3 /* UIView+Extension.swift in Sources */ = {isa = PBXBuildFile; fileRef = 2094BBC22AACD97B00EA51C3 /* UIView+Extension.swift */; };
		2094BBC52AACD9AD00EA51C3 /* UIFont+Extension.swift in Sources */ = {isa = PBXBuildFile; fileRef = 2094BBC42AACD9AD00EA51C3 /* UIFont+Extension.swift */; };
		2094BBC82AACD9FB00EA51C3 /* FontSize.swift in Sources */ = {isa = PBXBuildFile; fileRef = 2094BBC72AACD9FB00EA51C3 /* FontSize.swift */; };
		2094BBCA2AACDA2A00EA51C3 /* UIImageView+Extension.swift in Sources */ = {isa = PBXBuildFile; fileRef = 2094BBC92AACDA2A00EA51C3 /* UIImageView+Extension.swift */; };
		2094BBCC2AACDA5D00EA51C3 /* NSLayoutConstraint+Extension.swift in Sources */ = {isa = PBXBuildFile; fileRef = 2094BBCB2AACDA5D00EA51C3 /* NSLayoutConstraint+Extension.swift */; };
		2094BBCE2AACDA8600EA51C3 /* String+Extension.swift in Sources */ = {isa = PBXBuildFile; fileRef = 2094BBCD2AACDA8600EA51C3 /* String+Extension.swift */; };
		2094BBD02AACDAAE00EA51C3 /* URL+Extension.swift in Sources */ = {isa = PBXBuildFile; fileRef = 2094BBCF2AACDAAE00EA51C3 /* URL+Extension.swift */; };
		2094BBD22AACDAD300EA51C3 /* UIColor+Extension.swift in Sources */ = {isa = PBXBuildFile; fileRef = 2094BBD12AACDAD300EA51C3 /* UIColor+Extension.swift */; };
		2094BBD42AACDAFF00EA51C3 /* UILabel+Extension.swift in Sources */ = {isa = PBXBuildFile; fileRef = 2094BBD32AACDAFF00EA51C3 /* UILabel+Extension.swift */; };
		2094BBD62AACDB3200EA51C3 /* Int+Constants.swift in Sources */ = {isa = PBXBuildFile; fileRef = 2094BBD52AACDB3200EA51C3 /* Int+Constants.swift */; };
		2094BBD82AACDB7F00EA51C3 /* UIStackView+Extension.swift in Sources */ = {isa = PBXBuildFile; fileRef = 2094BBD72AACDB7F00EA51C3 /* UIStackView+Extension.swift */; };
		2094BBDA2AACDBE500EA51C3 /* UIButton+Extension.swift in Sources */ = {isa = PBXBuildFile; fileRef = 2094BBD92AACDBE500EA51C3 /* UIButton+Extension.swift */; };
		2094BBDC2AACDC2A00EA51C3 /* Constants.swift in Sources */ = {isa = PBXBuildFile; fileRef = 2094BBDB2AACDC2A00EA51C3 /* Constants.swift */; };
		2094BBDE2AACDC7B00EA51C3 /* UICollectionViewWithDynamicHeight.swift in Sources */ = {isa = PBXBuildFile; fileRef = 2094BBDD2AACDC7B00EA51C3 /* UICollectionViewWithDynamicHeight.swift */; };
		2094BBE02AACDC9C00EA51C3 /* HeaderCollectionReusableView.swift in Sources */ = {isa = PBXBuildFile; fileRef = 2094BBDF2AACDC9C00EA51C3 /* HeaderCollectionReusableView.swift */; };
		2094BBE22AACDCD700EA51C3 /* CustomViewBuildable.swift in Sources */ = {isa = PBXBuildFile; fileRef = 2094BBE12AACDCD700EA51C3 /* CustomViewBuildable.swift */; };
		2094BBE42AACDD5000EA51C3 /* ViewBuildable.swift in Sources */ = {isa = PBXBuildFile; fileRef = 2094BBE32AACDD5000EA51C3 /* ViewBuildable.swift */; };
		2094BBE62AACDDC100EA51C3 /* Presenter.swift in Sources */ = {isa = PBXBuildFile; fileRef = 2094BBE52AACDDC100EA51C3 /* Presenter.swift */; };
		2094BBEB2AACDF5B00EA51C3 /* PaymentViewCell.swift in Sources */ = {isa = PBXBuildFile; fileRef = 2094BBEA2AACDF5B00EA51C3 /* PaymentViewCell.swift */; };
		2094BBEE2AACDF9300EA51C3 /* PaymentGatewayViewCell.swift in Sources */ = {isa = PBXBuildFile; fileRef = 2094BBED2AACDF9300EA51C3 /* PaymentGatewayViewCell.swift */; };
		2094BBF12AACE01D00EA51C3 /* CheckoutPaymentPresenter.swift in Sources */ = {isa = PBXBuildFile; fileRef = 2094BBF02AACE01D00EA51C3 /* CheckoutPaymentPresenter.swift */; };
		2094BBF42AACE05F00EA51C3 /* CheckoutPaymentViewController.swift in Sources */ = {isa = PBXBuildFile; fileRef = 2094BBF32AACE05F00EA51C3 /* CheckoutPaymentViewController.swift */; };
		2094BBF82AACE0AC00EA51C3 /* CheckoutPaymentViewController+Layout.swift in Sources */ = {isa = PBXBuildFile; fileRef = 2094BBF72AACE0AC00EA51C3 /* CheckoutPaymentViewController+Layout.swift */; };
		2094BBFC2AACE3C300EA51C3 /* UserPaymentMethods.json in Resources */ = {isa = PBXBuildFile; fileRef = 2094BBFB2AACE3C300EA51C3 /* UserPaymentMethods.json */; };
		2094BBFF2AACE55500EA51C3 /* FakeDataProtocol.swift in Sources */ = {isa = PBXBuildFile; fileRef = 2094BBFE2AACE55500EA51C3 /* FakeDataProtocol.swift */; };
		2094BC032AACE77B00EA51C3 /* UserPaymentMethodsResponse.swift in Sources */ = {isa = PBXBuildFile; fileRef = 2094BC022AACE77B00EA51C3 /* UserPaymentMethodsResponse.swift */; };
		2094BC092AACEE3F00EA51C3 /* ProvidesFakeDataProtocol.swift in Sources */ = {isa = PBXBuildFile; fileRef = 2094BC082AACEE3F00EA51C3 /* ProvidesFakeDataProtocol.swift */; };
		2094BC0B2AACEED800EA51C3 /* UserPaymentMethodsProviderData.swift in Sources */ = {isa = PBXBuildFile; fileRef = 2094BC0A2AACEED800EA51C3 /* UserPaymentMethodsProviderData.swift */; };
		2094BC0D2AACEFFB00EA51C3 /* FakeData.swift in Sources */ = {isa = PBXBuildFile; fileRef = 2094BC0C2AACEFFB00EA51C3 /* FakeData.swift */; };
/* End PBXBuildFile section */

/* Begin PBXFileReference section */
		2094BB952AACA0AF00EA51C3 /* DemoApp.app */ = {isa = PBXFileReference; explicitFileType = wrapper.application; includeInIndex = 0; path = DemoApp.app; sourceTree = BUILT_PRODUCTS_DIR; };
		2094BB982AACA0AF00EA51C3 /* AppDelegate.swift */ = {isa = PBXFileReference; lastKnownFileType = sourcecode.swift; path = AppDelegate.swift; sourceTree = "<group>"; };
		2094BB9A2AACA0AF00EA51C3 /* SceneDelegate.swift */ = {isa = PBXFileReference; lastKnownFileType = sourcecode.swift; path = SceneDelegate.swift; sourceTree = "<group>"; };
		2094BB9C2AACA0AF00EA51C3 /* ViewController.swift */ = {isa = PBXFileReference; lastKnownFileType = sourcecode.swift; path = ViewController.swift; sourceTree = "<group>"; };
		2094BB9F2AACA0AF00EA51C3 /* Base */ = {isa = PBXFileReference; lastKnownFileType = file.storyboard; name = Base; path = Base.lproj/Main.storyboard; sourceTree = "<group>"; };
		2094BBA12AACA0B000EA51C3 /* Assets.xcassets */ = {isa = PBXFileReference; lastKnownFileType = folder.assetcatalog; path = Assets.xcassets; sourceTree = "<group>"; };
		2094BBA42AACA0B000EA51C3 /* Base */ = {isa = PBXFileReference; lastKnownFileType = file.storyboard; name = Base; path = Base.lproj/LaunchScreen.storyboard; sourceTree = "<group>"; };
		2094BBA62AACA0B000EA51C3 /* Info.plist */ = {isa = PBXFileReference; lastKnownFileType = text.plist.xml; path = Info.plist; sourceTree = "<group>"; };
		2094BBB12AACA72600EA51C3 /* SwiftUIPreviewViewController.swift */ = {isa = PBXFileReference; lastKnownFileType = sourcecode.swift; path = SwiftUIPreviewViewController.swift; sourceTree = "<group>"; };
		2094BBB32AACA7C500EA51C3 /* SwiftUIPreviewView.swift */ = {isa = PBXFileReference; lastKnownFileType = sourcecode.swift; path = SwiftUIPreviewView.swift; sourceTree = "<group>"; };
		2094BBB52AACA84100EA51C3 /* DemoPreviews.swift */ = {isa = PBXFileReference; lastKnownFileType = sourcecode.swift; path = DemoPreviews.swift; sourceTree = "<group>"; };
		2094BBBC2AACD89900EA51C3 /* ViewCell+Extension.swift */ = {isa = PBXFileReference; lastKnownFileType = sourcecode.swift; path = "ViewCell+Extension.swift"; sourceTree = "<group>"; };
		2094BBBE2AACD8C200EA51C3 /* UICollectionView+Extension.swift */ = {isa = PBXFileReference; lastKnownFileType = sourcecode.swift; path = "UICollectionView+Extension.swift"; sourceTree = "<group>"; };
		2094BBC02AACD8E900EA51C3 /* CGFloat+Spacing.swift */ = {isa = PBXFileReference; lastKnownFileType = sourcecode.swift; path = "CGFloat+Spacing.swift"; sourceTree = "<group>"; };
		2094BBC22AACD97B00EA51C3 /* UIView+Extension.swift */ = {isa = PBXFileReference; lastKnownFileType = sourcecode.swift; path = "UIView+Extension.swift"; sourceTree = "<group>"; };
		2094BBC42AACD9AD00EA51C3 /* UIFont+Extension.swift */ = {isa = PBXFileReference; lastKnownFileType = sourcecode.swift; path = "UIFont+Extension.swift"; sourceTree = "<group>"; };
		2094BBC72AACD9FB00EA51C3 /* FontSize.swift */ = {isa = PBXFileReference; lastKnownFileType = sourcecode.swift; path = FontSize.swift; sourceTree = "<group>"; };
		2094BBC92AACDA2A00EA51C3 /* UIImageView+Extension.swift */ = {isa = PBXFileReference; lastKnownFileType = sourcecode.swift; path = "UIImageView+Extension.swift"; sourceTree = "<group>"; };
		2094BBCB2AACDA5D00EA51C3 /* NSLayoutConstraint+Extension.swift */ = {isa = PBXFileReference; lastKnownFileType = sourcecode.swift; path = "NSLayoutConstraint+Extension.swift"; sourceTree = "<group>"; };
		2094BBCD2AACDA8600EA51C3 /* String+Extension.swift */ = {isa = PBXFileReference; lastKnownFileType = sourcecode.swift; path = "String+Extension.swift"; sourceTree = "<group>"; };
		2094BBCF2AACDAAE00EA51C3 /* URL+Extension.swift */ = {isa = PBXFileReference; lastKnownFileType = sourcecode.swift; path = "URL+Extension.swift"; sourceTree = "<group>"; };
		2094BBD12AACDAD300EA51C3 /* UIColor+Extension.swift */ = {isa = PBXFileReference; lastKnownFileType = sourcecode.swift; path = "UIColor+Extension.swift"; sourceTree = "<group>"; };
		2094BBD32AACDAFF00EA51C3 /* UILabel+Extension.swift */ = {isa = PBXFileReference; lastKnownFileType = sourcecode.swift; path = "UILabel+Extension.swift"; sourceTree = "<group>"; };
		2094BBD52AACDB3200EA51C3 /* Int+Constants.swift */ = {isa = PBXFileReference; lastKnownFileType = sourcecode.swift; path = "Int+Constants.swift"; sourceTree = "<group>"; };
		2094BBD72AACDB7F00EA51C3 /* UIStackView+Extension.swift */ = {isa = PBXFileReference; lastKnownFileType = sourcecode.swift; path = "UIStackView+Extension.swift"; sourceTree = "<group>"; };
		2094BBD92AACDBE500EA51C3 /* UIButton+Extension.swift */ = {isa = PBXFileReference; lastKnownFileType = sourcecode.swift; path = "UIButton+Extension.swift"; sourceTree = "<group>"; };
		2094BBDB2AACDC2A00EA51C3 /* Constants.swift */ = {isa = PBXFileReference; lastKnownFileType = sourcecode.swift; path = Constants.swift; sourceTree = "<group>"; };
		2094BBDD2AACDC7B00EA51C3 /* UICollectionViewWithDynamicHeight.swift */ = {isa = PBXFileReference; lastKnownFileType = sourcecode.swift; path = UICollectionViewWithDynamicHeight.swift; sourceTree = "<group>"; };
		2094BBDF2AACDC9C00EA51C3 /* HeaderCollectionReusableView.swift */ = {isa = PBXFileReference; lastKnownFileType = sourcecode.swift; path = HeaderCollectionReusableView.swift; sourceTree = "<group>"; };
		2094BBE12AACDCD700EA51C3 /* CustomViewBuildable.swift */ = {isa = PBXFileReference; lastKnownFileType = sourcecode.swift; path = CustomViewBuildable.swift; sourceTree = "<group>"; };
		2094BBE32AACDD5000EA51C3 /* ViewBuildable.swift */ = {isa = PBXFileReference; lastKnownFileType = sourcecode.swift; path = ViewBuildable.swift; sourceTree = "<group>"; };
		2094BBE52AACDDC100EA51C3 /* Presenter.swift */ = {isa = PBXFileReference; lastKnownFileType = sourcecode.swift; path = Presenter.swift; sourceTree = "<group>"; };
		2094BBEA2AACDF5B00EA51C3 /* PaymentViewCell.swift */ = {isa = PBXFileReference; lastKnownFileType = sourcecode.swift; path = PaymentViewCell.swift; sourceTree = "<group>"; };
		2094BBED2AACDF9300EA51C3 /* PaymentGatewayViewCell.swift */ = {isa = PBXFileReference; lastKnownFileType = sourcecode.swift; path = PaymentGatewayViewCell.swift; sourceTree = "<group>"; };
		2094BBF02AACE01D00EA51C3 /* CheckoutPaymentPresenter.swift */ = {isa = PBXFileReference; lastKnownFileType = sourcecode.swift; path = CheckoutPaymentPresenter.swift; sourceTree = "<group>"; };
		2094BBF32AACE05F00EA51C3 /* CheckoutPaymentViewController.swift */ = {isa = PBXFileReference; lastKnownFileType = sourcecode.swift; path = CheckoutPaymentViewController.swift; sourceTree = "<group>"; };
		2094BBF72AACE0AC00EA51C3 /* CheckoutPaymentViewController+Layout.swift */ = {isa = PBXFileReference; lastKnownFileType = sourcecode.swift; path = "CheckoutPaymentViewController+Layout.swift"; sourceTree = "<group>"; };
		2094BBFB2AACE3C300EA51C3 /* UserPaymentMethods.json */ = {isa = PBXFileReference; lastKnownFileType = text.json; path = UserPaymentMethods.json; sourceTree = "<group>"; };
		2094BBFE2AACE55500EA51C3 /* FakeDataProtocol.swift */ = {isa = PBXFileReference; lastKnownFileType = sourcecode.swift; path = FakeDataProtocol.swift; sourceTree = "<group>"; };
		2094BC022AACE77B00EA51C3 /* UserPaymentMethodsResponse.swift */ = {isa = PBXFileReference; lastKnownFileType = sourcecode.swift; path = UserPaymentMethodsResponse.swift; sourceTree = "<group>"; };
		2094BC082AACEE3F00EA51C3 /* ProvidesFakeDataProtocol.swift */ = {isa = PBXFileReference; lastKnownFileType = sourcecode.swift; path = ProvidesFakeDataProtocol.swift; sourceTree = "<group>"; };
		2094BC0A2AACEED800EA51C3 /* UserPaymentMethodsProviderData.swift */ = {isa = PBXFileReference; lastKnownFileType = sourcecode.swift; path = UserPaymentMethodsProviderData.swift; sourceTree = "<group>"; };
		2094BC0C2AACEFFB00EA51C3 /* FakeData.swift */ = {isa = PBXFileReference; lastKnownFileType = sourcecode.swift; path = FakeData.swift; sourceTree = "<group>"; };
/* End PBXFileReference section */

/* Begin PBXFrameworksBuildPhase section */
		2094BB922AACA0AF00EA51C3 /* Frameworks */ = {
			isa = PBXFrameworksBuildPhase;
			buildActionMask = 2147483647;
			files = (
				2094BBAF2AACA38D00EA51C3 /* SDWebImage in Frameworks */,
			);
			runOnlyForDeploymentPostprocessing = 0;
		};
/* End PBXFrameworksBuildPhase section */

/* Begin PBXGroup section */
		2094BB8C2AACA0AF00EA51C3 = {
			isa = PBXGroup;
			children = (
				2094BB972AACA0AF00EA51C3 /* DemoApp */,
				2094BB962AACA0AF00EA51C3 /* Products */,
			);
			sourceTree = "<group>";
		};
		2094BB962AACA0AF00EA51C3 /* Products */ = {
			isa = PBXGroup;
			children = (
				2094BB952AACA0AF00EA51C3 /* DemoApp.app */,
			);
			name = Products;
			sourceTree = "<group>";
		};
		2094BB972AACA0AF00EA51C3 /* DemoApp */ = {
			isa = PBXGroup;
			children = (
				2094BBB72AACD82400EA51C3 /* Core */,
				2094BBB02AACA69900EA51C3 /* Preview Helpers */,
				2094BBAC2AACA19900EA51C3 /* Modules */,
				2094BB982AACA0AF00EA51C3 /* AppDelegate.swift */,
				2094BB9A2AACA0AF00EA51C3 /* SceneDelegate.swift */,
				2094BB9E2AACA0AF00EA51C3 /* Main.storyboard */,
				2094BBA12AACA0B000EA51C3 /* Assets.xcassets */,
				2094BBA32AACA0B000EA51C3 /* LaunchScreen.storyboard */,
				2094BBA62AACA0B000EA51C3 /* Info.plist */,
			);
			path = DemoApp;
			sourceTree = "<group>";
		};
		2094BBAC2AACA19900EA51C3 /* Modules */ = {
			isa = PBXGroup;
			children = (
				2094BBE72AACDEDB00EA51C3 /* Payments */,
				2094BB9C2AACA0AF00EA51C3 /* ViewController.swift */,
			);
			path = Modules;
			sourceTree = "<group>";
		};
		2094BBB02AACA69900EA51C3 /* Preview Helpers */ = {
			isa = PBXGroup;
			children = (
				2094BBB12AACA72600EA51C3 /* SwiftUIPreviewViewController.swift */,
				2094BBB32AACA7C500EA51C3 /* SwiftUIPreviewView.swift */,
				2094BBB52AACA84100EA51C3 /* DemoPreviews.swift */,
			);
			path = "Preview Helpers";
			sourceTree = "<group>";
		};
		2094BBB72AACD82400EA51C3 /* Core */ = {
			isa = PBXGroup;
			children = (
				2094BBC62AACD9CF00EA51C3 /* Constants */,
				2094BBBB2AACD87200EA51C3 /* Extensions */,
				2094BBBA2AACD86500EA51C3 /* Views */,
				2094BBB92AACD85700EA51C3 /* Protocols */,
				2094BBB82AACD84900EA51C3 /* Arch */,
			);
			path = Core;
			sourceTree = "<group>";
		};
		2094BBB82AACD84900EA51C3 /* Arch */ = {
			isa = PBXGroup;
			children = (
				2094BBE52AACDDC100EA51C3 /* Presenter.swift */,
				2094BC0C2AACEFFB00EA51C3 /* FakeData.swift */,
			);
			path = Arch;
			sourceTree = "<group>";
		};
		2094BBB92AACD85700EA51C3 /* Protocols */ = {
			isa = PBXGroup;
			children = (
				2094BBE12AACDCD700EA51C3 /* CustomViewBuildable.swift */,
				2094BBE32AACDD5000EA51C3 /* ViewBuildable.swift */,
				2094BBFE2AACE55500EA51C3 /* FakeDataProtocol.swift */,
				2094BC082AACEE3F00EA51C3 /* ProvidesFakeDataProtocol.swift */,
			);
			path = Protocols;
			sourceTree = "<group>";
		};
		2094BBBA2AACD86500EA51C3 /* Views */ = {
			isa = PBXGroup;
			children = (
				2094BBDD2AACDC7B00EA51C3 /* UICollectionViewWithDynamicHeight.swift */,
				2094BBDF2AACDC9C00EA51C3 /* HeaderCollectionReusableView.swift */,
			);
			path = Views;
			sourceTree = "<group>";
		};
		2094BBBB2AACD87200EA51C3 /* Extensions */ = {
			isa = PBXGroup;
			children = (
				2094BBBC2AACD89900EA51C3 /* ViewCell+Extension.swift */,
				2094BBBE2AACD8C200EA51C3 /* UICollectionView+Extension.swift */,
				2094BBC02AACD8E900EA51C3 /* CGFloat+Spacing.swift */,
				2094BBC22AACD97B00EA51C3 /* UIView+Extension.swift */,
				2094BBC42AACD9AD00EA51C3 /* UIFont+Extension.swift */,
				2094BBC92AACDA2A00EA51C3 /* UIImageView+Extension.swift */,
				2094BBCB2AACDA5D00EA51C3 /* NSLayoutConstraint+Extension.swift */,
				2094BBCD2AACDA8600EA51C3 /* String+Extension.swift */,
				2094BBCF2AACDAAE00EA51C3 /* URL+Extension.swift */,
				2094BBD12AACDAD300EA51C3 /* UIColor+Extension.swift */,
				2094BBD32AACDAFF00EA51C3 /* UILabel+Extension.swift */,
				2094BBD72AACDB7F00EA51C3 /* UIStackView+Extension.swift */,
				2094BBD92AACDBE500EA51C3 /* UIButton+Extension.swift */,
			);
			path = Extensions;
			sourceTree = "<group>";
		};
		2094BBC62AACD9CF00EA51C3 /* Constants */ = {
			isa = PBXGroup;
			children = (
				2094BBC72AACD9FB00EA51C3 /* FontSize.swift */,
				2094BBD52AACDB3200EA51C3 /* Int+Constants.swift */,
				2094BBDB2AACDC2A00EA51C3 /* Constants.swift */,
			);
			path = Constants;
			sourceTree = "<group>";
		};
		2094BBE72AACDEDB00EA51C3 /* Payments */ = {
			isa = PBXGroup;
			children = (
				2094BC002AACE71000EA51C3 /* Data */,
				2094BBF92AACE2B000EA51C3 /* Resources */,
				2094BBE82AACDF0A00EA51C3 /* UI */,
			);
			path = Payments;
			sourceTree = "<group>";
		};
		2094BBE82AACDF0A00EA51C3 /* UI */ = {
			isa = PBXGroup;
			children = (
				2094BBF52AACE08F00EA51C3 /* Layout */,
				2094BBF22AACE04B00EA51C3 /* Controller */,
				2094BBEF2AACDFF200EA51C3 /* Presenter */,
				2094BBE92AACDF4700EA51C3 /* Cells */,
			);
			path = UI;
			sourceTree = "<group>";
		};
		2094BBE92AACDF4700EA51C3 /* Cells */ = {
			isa = PBXGroup;
			children = (
				2094BBEA2AACDF5B00EA51C3 /* PaymentViewCell.swift */,
				2094BBED2AACDF9300EA51C3 /* PaymentGatewayViewCell.swift */,
			);
			path = Cells;
			sourceTree = "<group>";
		};
		2094BBEF2AACDFF200EA51C3 /* Presenter */ = {
			isa = PBXGroup;
			children = (
				2094BBF02AACE01D00EA51C3 /* CheckoutPaymentPresenter.swift */,
			);
			path = Presenter;
			sourceTree = "<group>";
		};
		2094BBF22AACE04B00EA51C3 /* Controller */ = {
			isa = PBXGroup;
			children = (
				2094BBF32AACE05F00EA51C3 /* CheckoutPaymentViewController.swift */,
			);
			path = Controller;
			sourceTree = "<group>";
		};
		2094BBF52AACE08F00EA51C3 /* Layout */ = {
			isa = PBXGroup;
			children = (
				2094BBF72AACE0AC00EA51C3 /* CheckoutPaymentViewController+Layout.swift */,
			);
			path = Layout;
			sourceTree = "<group>";
		};
		2094BBF92AACE2B000EA51C3 /* Resources */ = {
			isa = PBXGroup;
			children = (
				2094BBFA2AACE2D000EA51C3 /* JSON */,
			);
			path = Resources;
			sourceTree = "<group>";
		};
		2094BBFA2AACE2D000EA51C3 /* JSON */ = {
			isa = PBXGroup;
			children = (
				2094BBFB2AACE3C300EA51C3 /* UserPaymentMethods.json */,
			);
			path = JSON;
			sourceTree = "<group>";
		};
		2094BC002AACE71000EA51C3 /* Data */ = {
			isa = PBXGroup;
			children = (
				2094BC012AACE71600EA51C3 /* Models */,
				2094BC0A2AACEED800EA51C3 /* UserPaymentMethodsProviderData.swift */,
			);
			path = Data;
			sourceTree = "<group>";
		};
		2094BC012AACE71600EA51C3 /* Models */ = {
			isa = PBXGroup;
			children = (
				2094BC022AACE77B00EA51C3 /* UserPaymentMethodsResponse.swift */,
			);
			path = Models;
			sourceTree = "<group>";
		};
/* End PBXGroup section */

/* Begin PBXNativeTarget section */
		2094BB942AACA0AF00EA51C3 /* DemoApp */ = {
			isa = PBXNativeTarget;
			buildConfigurationList = 2094BBA92AACA0B000EA51C3 /* Build configuration list for PBXNativeTarget "DemoApp" */;
			buildPhases = (
				2094BB912AACA0AF00EA51C3 /* Sources */,
				2094BB922AACA0AF00EA51C3 /* Frameworks */,
				2094BB932AACA0AF00EA51C3 /* Resources */,
			);
			buildRules = (
			);
			dependencies = (
			);
			name = DemoApp;
			packageProductDependencies = (
				2094BBAE2AACA38D00EA51C3 /* SDWebImage */,
			);
			productName = DemoApp;
			productReference = 2094BB952AACA0AF00EA51C3 /* DemoApp.app */;
			productType = "com.apple.product-type.application";
		};
/* End PBXNativeTarget section */

/* Begin PBXProject section */
		2094BB8D2AACA0AF00EA51C3 /* Project object */ = {
			isa = PBXProject;
			attributes = {
				BuildIndependentTargetsInParallel = 1;
				LastSwiftUpdateCheck = 1420;
				LastUpgradeCheck = 1420;
				TargetAttributes = {
					2094BB942AACA0AF00EA51C3 = {
						CreatedOnToolsVersion = 14.2;
					};
				};
			};
			buildConfigurationList = 2094BB902AACA0AF00EA51C3 /* Build configuration list for PBXProject "DemoApp" */;
			compatibilityVersion = "Xcode 14.0";
			developmentRegion = en;
			hasScannedForEncodings = 0;
			knownRegions = (
				en,
				Base,
			);
			mainGroup = 2094BB8C2AACA0AF00EA51C3;
			packageReferences = (
				2094BBAD2AACA38C00EA51C3 /* XCRemoteSwiftPackageReference "SDWebImage" */,
			);
			productRefGroup = 2094BB962AACA0AF00EA51C3 /* Products */;
			projectDirPath = "";
			projectRoot = "";
			targets = (
				2094BB942AACA0AF00EA51C3 /* DemoApp */,
			);
		};
/* End PBXProject section */

/* Begin PBXResourcesBuildPhase section */
		2094BB932AACA0AF00EA51C3 /* Resources */ = {
			isa = PBXResourcesBuildPhase;
			buildActionMask = 2147483647;
			files = (
				2094BBFC2AACE3C300EA51C3 /* UserPaymentMethods.json in Resources */,
				2094BBA52AACA0B000EA51C3 /* LaunchScreen.storyboard in Resources */,
				2094BBA22AACA0B000EA51C3 /* Assets.xcassets in Resources */,
				2094BBA02AACA0AF00EA51C3 /* Main.storyboard in Resources */,
			);
			runOnlyForDeploymentPostprocessing = 0;
		};
/* End PBXResourcesBuildPhase section */

/* Begin PBXSourcesBuildPhase section */
		2094BB912AACA0AF00EA51C3 /* Sources */ = {
			isa = PBXSourcesBuildPhase;
			buildActionMask = 2147483647;
			files = (
				2094BBBF2AACD8C200EA51C3 /* UICollectionView+Extension.swift in Sources */,
				2094BBEB2AACDF5B00EA51C3 /* PaymentViewCell.swift in Sources */,
				2094BBDC2AACDC2A00EA51C3 /* Constants.swift in Sources */,
				2094BBCC2AACDA5D00EA51C3 /* NSLayoutConstraint+Extension.swift in Sources */,
				2094BBC12AACD8E900EA51C3 /* CGFloat+Spacing.swift in Sources */,
				2094BBCA2AACDA2A00EA51C3 /* UIImageView+Extension.swift in Sources */,
				2094BBD22AACDAD300EA51C3 /* UIColor+Extension.swift in Sources */,
				2094BB9D2AACA0AF00EA51C3 /* ViewController.swift in Sources */,
				2094BBE42AACDD5000EA51C3 /* ViewBuildable.swift in Sources */,
				2094BBF12AACE01D00EA51C3 /* CheckoutPaymentPresenter.swift in Sources */,
				2094BC032AACE77B00EA51C3 /* UserPaymentMethodsResponse.swift in Sources */,
				2094BC0D2AACEFFB00EA51C3 /* FakeData.swift in Sources */,
				2094BBDE2AACDC7B00EA51C3 /* UICollectionViewWithDynamicHeight.swift in Sources */,
				2094BBEE2AACDF9300EA51C3 /* PaymentGatewayViewCell.swift in Sources */,
				2094BBE62AACDDC100EA51C3 /* Presenter.swift in Sources */,
				2094BBB62AACA84100EA51C3 /* DemoPreviews.swift in Sources */,
				2094BBF42AACE05F00EA51C3 /* CheckoutPaymentViewController.swift in Sources */,
				2094BBB22AACA72600EA51C3 /* SwiftUIPreviewViewController.swift in Sources */,
				2094BBD42AACDAFF00EA51C3 /* UILabel+Extension.swift in Sources */,
				2094BC0B2AACEED800EA51C3 /* UserPaymentMethodsProviderData.swift in Sources */,
				2094BBBD2AACD89900EA51C3 /* ViewCell+Extension.swift in Sources */,
				2094BBB42AACA7C500EA51C3 /* SwiftUIPreviewView.swift in Sources */,
				2094BBD02AACDAAE00EA51C3 /* URL+Extension.swift in Sources */,
				2094BBFF2AACE55500EA51C3 /* FakeDataProtocol.swift in Sources */,
				2094BBC82AACD9FB00EA51C3 /* FontSize.swift in Sources */,
				2094BBF82AACE0AC00EA51C3 /* CheckoutPaymentViewController+Layout.swift in Sources */,
				2094BBD82AACDB7F00EA51C3 /* UIStackView+Extension.swift in Sources */,
				2094BBE02AACDC9C00EA51C3 /* HeaderCollectionReusableView.swift in Sources */,
				2094BBD62AACDB3200EA51C3 /* Int+Constants.swift in Sources */,
				2094BB992AACA0AF00EA51C3 /* AppDelegate.swift in Sources */,
				2094BC092AACEE3F00EA51C3 /* ProvidesFakeDataProtocol.swift in Sources */,
				2094BBC32AACD97B00EA51C3 /* UIView+Extension.swift in Sources */,
				2094BB9B2AACA0AF00EA51C3 /* SceneDelegate.swift in Sources */,
				2094BBCE2AACDA8600EA51C3 /* String+Extension.swift in Sources */,
				2094BBC52AACD9AD00EA51C3 /* UIFont+Extension.swift in Sources */,
				2094BBDA2AACDBE500EA51C3 /* UIButton+Extension.swift in Sources */,
				2094BBE22AACDCD700EA51C3 /* CustomViewBuildable.swift in Sources */,
			);
			runOnlyForDeploymentPostprocessing = 0;
		};
/* End PBXSourcesBuildPhase section */

/* Begin PBXVariantGroup section */
		2094BB9E2AACA0AF00EA51C3 /* Main.storyboard */ = {
			isa = PBXVariantGroup;
			children = (
				2094BB9F2AACA0AF00EA51C3 /* Base */,
			);
			name = Main.storyboard;
			sourceTree = "<group>";
		};
		2094BBA32AACA0B000EA51C3 /* LaunchScreen.storyboard */ = {
			isa = PBXVariantGroup;
			children = (
				2094BBA42AACA0B000EA51C3 /* Base */,
			);
			name = LaunchScreen.storyboard;
			sourceTree = "<group>";
		};
/* End PBXVariantGroup section */

/* Begin XCBuildConfiguration section */
		2094BBA72AACA0B000EA51C3 /* Debug */ = {
			isa = XCBuildConfiguration;
			buildSettings = {
				ALWAYS_SEARCH_USER_PATHS = NO;
				CLANG_ANALYZER_NONNULL = YES;
				CLANG_ANALYZER_NUMBER_OBJECT_CONVERSION = YES_AGGRESSIVE;
				CLANG_CXX_LANGUAGE_STANDARD = "gnu++20";
				CLANG_ENABLE_MODULES = YES;
				CLANG_ENABLE_OBJC_ARC = YES;
				CLANG_ENABLE_OBJC_WEAK = YES;
				CLANG_WARN_BLOCK_CAPTURE_AUTORELEASING = YES;
				CLANG_WARN_BOOL_CONVERSION = YES;
				CLANG_WARN_COMMA = YES;
				CLANG_WARN_CONSTANT_CONVERSION = YES;
				CLANG_WARN_DEPRECATED_OBJC_IMPLEMENTATIONS = YES;
				CLANG_WARN_DIRECT_OBJC_ISA_USAGE = YES_ERROR;
				CLANG_WARN_DOCUMENTATION_COMMENTS = YES;
				CLANG_WARN_EMPTY_BODY = YES;
				CLANG_WARN_ENUM_CONVERSION = YES;
				CLANG_WARN_INFINITE_RECURSION = YES;
				CLANG_WARN_INT_CONVERSION = YES;
				CLANG_WARN_NON_LITERAL_NULL_CONVERSION = YES;
				CLANG_WARN_OBJC_IMPLICIT_RETAIN_SELF = YES;
				CLANG_WARN_OBJC_LITERAL_CONVERSION = YES;
				CLANG_WARN_OBJC_ROOT_CLASS = YES_ERROR;
				CLANG_WARN_QUOTED_INCLUDE_IN_FRAMEWORK_HEADER = YES;
				CLANG_WARN_RANGE_LOOP_ANALYSIS = YES;
				CLANG_WARN_STRICT_PROTOTYPES = YES;
				CLANG_WARN_SUSPICIOUS_MOVE = YES;
				CLANG_WARN_UNGUARDED_AVAILABILITY = YES_AGGRESSIVE;
				CLANG_WARN_UNREACHABLE_CODE = YES;
				CLANG_WARN__DUPLICATE_METHOD_MATCH = YES;
				COPY_PHASE_STRIP = NO;
				DEBUG_INFORMATION_FORMAT = dwarf;
				ENABLE_STRICT_OBJC_MSGSEND = YES;
				ENABLE_TESTABILITY = YES;
				GCC_C_LANGUAGE_STANDARD = gnu11;
				GCC_DYNAMIC_NO_PIC = NO;
				GCC_NO_COMMON_BLOCKS = YES;
				GCC_OPTIMIZATION_LEVEL = 0;
				GCC_PREPROCESSOR_DEFINITIONS = (
					"DEBUG=1",
					"$(inherited)",
				);
				GCC_WARN_64_TO_32_BIT_CONVERSION = YES;
				GCC_WARN_ABOUT_RETURN_TYPE = YES_ERROR;
				GCC_WARN_UNDECLARED_SELECTOR = YES;
				GCC_WARN_UNINITIALIZED_AUTOS = YES_AGGRESSIVE;
				GCC_WARN_UNUSED_FUNCTION = YES;
				GCC_WARN_UNUSED_VARIABLE = YES;
				IPHONEOS_DEPLOYMENT_TARGET = 16.2;
				MTL_ENABLE_DEBUG_INFO = INCLUDE_SOURCE;
				MTL_FAST_MATH = YES;
				ONLY_ACTIVE_ARCH = YES;
				SDKROOT = iphoneos;
				SWIFT_ACTIVE_COMPILATION_CONDITIONS = DEBUG;
				SWIFT_OPTIMIZATION_LEVEL = "-Onone";
			};
			name = Debug;
		};
		2094BBA82AACA0B000EA51C3 /* Release */ = {
			isa = XCBuildConfiguration;
			buildSettings = {
				ALWAYS_SEARCH_USER_PATHS = NO;
				CLANG_ANALYZER_NONNULL = YES;
				CLANG_ANALYZER_NUMBER_OBJECT_CONVERSION = YES_AGGRESSIVE;
				CLANG_CXX_LANGUAGE_STANDARD = "gnu++20";
				CLANG_ENABLE_MODULES = YES;
				CLANG_ENABLE_OBJC_ARC = YES;
				CLANG_ENABLE_OBJC_WEAK = YES;
				CLANG_WARN_BLOCK_CAPTURE_AUTORELEASING = YES;
				CLANG_WARN_BOOL_CONVERSION = YES;
				CLANG_WARN_COMMA = YES;
				CLANG_WARN_CONSTANT_CONVERSION = YES;
				CLANG_WARN_DEPRECATED_OBJC_IMPLEMENTATIONS = YES;
				CLANG_WARN_DIRECT_OBJC_ISA_USAGE = YES_ERROR;
				CLANG_WARN_DOCUMENTATION_COMMENTS = YES;
				CLANG_WARN_EMPTY_BODY = YES;
				CLANG_WARN_ENUM_CONVERSION = YES;
				CLANG_WARN_INFINITE_RECURSION = YES;
				CLANG_WARN_INT_CONVERSION = YES;
				CLANG_WARN_NON_LITERAL_NULL_CONVERSION = YES;
				CLANG_WARN_OBJC_IMPLICIT_RETAIN_SELF = YES;
				CLANG_WARN_OBJC_LITERAL_CONVERSION = YES;
				CLANG_WARN_OBJC_ROOT_CLASS = YES_ERROR;
				CLANG_WARN_QUOTED_INCLUDE_IN_FRAMEWORK_HEADER = YES;
				CLANG_WARN_RANGE_LOOP_ANALYSIS = YES;
				CLANG_WARN_STRICT_PROTOTYPES = YES;
				CLANG_WARN_SUSPICIOUS_MOVE = YES;
				CLANG_WARN_UNGUARDED_AVAILABILITY = YES_AGGRESSIVE;
				CLANG_WARN_UNREACHABLE_CODE = YES;
				CLANG_WARN__DUPLICATE_METHOD_MATCH = YES;
				COPY_PHASE_STRIP = NO;
				DEBUG_INFORMATION_FORMAT = "dwarf-with-dsym";
				ENABLE_NS_ASSERTIONS = NO;
				ENABLE_STRICT_OBJC_MSGSEND = YES;
				GCC_C_LANGUAGE_STANDARD = gnu11;
				GCC_NO_COMMON_BLOCKS = YES;
				GCC_WARN_64_TO_32_BIT_CONVERSION = YES;
				GCC_WARN_ABOUT_RETURN_TYPE = YES_ERROR;
				GCC_WARN_UNDECLARED_SELECTOR = YES;
				GCC_WARN_UNINITIALIZED_AUTOS = YES_AGGRESSIVE;
				GCC_WARN_UNUSED_FUNCTION = YES;
				GCC_WARN_UNUSED_VARIABLE = YES;
				IPHONEOS_DEPLOYMENT_TARGET = 16.2;
				MTL_ENABLE_DEBUG_INFO = NO;
				MTL_FAST_MATH = YES;
				SDKROOT = iphoneos;
				SWIFT_COMPILATION_MODE = wholemodule;
				SWIFT_OPTIMIZATION_LEVEL = "-O";
				VALIDATE_PRODUCT = YES;
			};
			name = Release;
		};
		2094BBAA2AACA0B000EA51C3 /* Debug */ = {
			isa = XCBuildConfiguration;
			buildSettings = {
				ASSETCATALOG_COMPILER_APPICON_NAME = AppIcon;
				ASSETCATALOG_COMPILER_GLOBAL_ACCENT_COLOR_NAME = AccentColor;
				CODE_SIGN_STYLE = Automatic;
				CURRENT_PROJECT_VERSION = 1;
				GENERATE_INFOPLIST_FILE = YES;
				INFOPLIST_FILE = DemoApp/Info.plist;
				INFOPLIST_KEY_UIApplicationSupportsIndirectInputEvents = YES;
				INFOPLIST_KEY_UILaunchStoryboardName = LaunchScreen;
				INFOPLIST_KEY_UIMainStoryboardFile = Main;
				INFOPLIST_KEY_UISupportedInterfaceOrientations_iPad = "UIInterfaceOrientationPortrait UIInterfaceOrientationPortraitUpsideDown UIInterfaceOrientationLandscapeLeft UIInterfaceOrientationLandscapeRight";
				INFOPLIST_KEY_UISupportedInterfaceOrientations_iPhone = "UIInterfaceOrientationPortrait UIInterfaceOrientationLandscapeLeft UIInterfaceOrientationLandscapeRight";
				IPHONEOS_DEPLOYMENT_TARGET = 15.0;
				LD_RUNPATH_SEARCH_PATHS = (
					"$(inherited)",
					"@executable_path/Frameworks",
				);
				MARKETING_VERSION = 1.0;
				PRODUCT_BUNDLE_IDENTIFIER = parduh.DemoApp;
				PRODUCT_NAME = "$(TARGET_NAME)";
				SWIFT_EMIT_LOC_STRINGS = YES;
				SWIFT_VERSION = 5.0;
				TARGETED_DEVICE_FAMILY = "1,2";
			};
			name = Debug;
		};
		2094BBAB2AACA0B000EA51C3 /* Release */ = {
			isa = XCBuildConfiguration;
			buildSettings = {
				ASSETCATALOG_COMPILER_APPICON_NAME = AppIcon;
				ASSETCATALOG_COMPILER_GLOBAL_ACCENT_COLOR_NAME = AccentColor;
				CODE_SIGN_STYLE = Automatic;
				CURRENT_PROJECT_VERSION = 1;
				GENERATE_INFOPLIST_FILE = YES;
				INFOPLIST_FILE = DemoApp/Info.plist;
				INFOPLIST_KEY_UIApplicationSupportsIndirectInputEvents = YES;
				INFOPLIST_KEY_UILaunchStoryboardName = LaunchScreen;
				INFOPLIST_KEY_UIMainStoryboardFile = Main;
				INFOPLIST_KEY_UISupportedInterfaceOrientations_iPad = "UIInterfaceOrientationPortrait UIInterfaceOrientationPortraitUpsideDown UIInterfaceOrientationLandscapeLeft UIInterfaceOrientationLandscapeRight";
				INFOPLIST_KEY_UISupportedInterfaceOrientations_iPhone = "UIInterfaceOrientationPortrait UIInterfaceOrientationLandscapeLeft UIInterfaceOrientationLandscapeRight";
				IPHONEOS_DEPLOYMENT_TARGET = 15.0;
				LD_RUNPATH_SEARCH_PATHS = (
					"$(inherited)",
					"@executable_path/Frameworks",
				);
				MARKETING_VERSION = 1.0;
				PRODUCT_BUNDLE_IDENTIFIER = parduh.DemoApp;
				PRODUCT_NAME = "$(TARGET_NAME)";
				SWIFT_EMIT_LOC_STRINGS = YES;
				SWIFT_VERSION = 5.0;
				TARGETED_DEVICE_FAMILY = "1,2";
			};
			name = Release;
		};
/* End XCBuildConfiguration section */

/* Begin XCConfigurationList section */
		2094BB902AACA0AF00EA51C3 /* Build configuration list for PBXProject "DemoApp" */ = {
			isa = XCConfigurationList;
			buildConfigurations = (
				2094BBA72AACA0B000EA51C3 /* Debug */,
				2094BBA82AACA0B000EA51C3 /* Release */,
			);
			defaultConfigurationIsVisible = 0;
			defaultConfigurationName = Release;
		};
		2094BBA92AACA0B000EA51C3 /* Build configuration list for PBXNativeTarget "DemoApp" */ = {
			isa = XCConfigurationList;
			buildConfigurations = (
				2094BBAA2AACA0B000EA51C3 /* Debug */,
				2094BBAB2AACA0B000EA51C3 /* Release */,
			);
			defaultConfigurationIsVisible = 0;
			defaultConfigurationName = Release;
		};
/* End XCConfigurationList section */

/* Begin XCRemoteSwiftPackageReference section */
		2094BBAD2AACA38C00EA51C3 /* XCRemoteSwiftPackageReference "SDWebImage" */ = {
			isa = XCRemoteSwiftPackageReference;
			repositoryURL = "https://github.com/SDWebImage/SDWebImage.git";
			requirement = {
				kind = exactVersion;
				version = 5.17.0;
			};
		};
/* End XCRemoteSwiftPackageReference section */

/* Begin XCSwiftPackageProductDependency section */
		2094BBAE2AACA38D00EA51C3 /* SDWebImage */ = {
			isa = XCSwiftPackageProductDependency;
			package = 2094BBAD2AACA38C00EA51C3 /* XCRemoteSwiftPackageReference "SDWebImage" */;
			productName = SDWebImage;
		};
/* End XCSwiftPackageProductDependency section */
	};
	rootObject = 2094BB8D2AACA0AF00EA51C3 /* Project object */;
}
